{
  "name": "github-course-demo",
  "version": "1.0.0",
  "lockfileVersion": 1,
  "requires": true,
  "dependencies": {
    "lodash": {
      "version": "4.17.21",
      "resolved": "https://humana.jfrog.io/humana/api/npm/registry.npmjs.org/lodash/-/lodash-4.17.21.tgz",
      "integrity": "sha1-Z5WRxWTDv/quhFTPCz3zcMPWkRw="
    },
    "normalize.css": {
      "version": "8.0.1",
      "resolved": "https://humana.jfrog.io/humana/api/npm/registry.npmjs.org/normalize.css/-/normalize.css-8.0.1.tgz",
      "integrity": "sha1-m5iiCHOLnMJjTKrLxC0THJdIe/M="
    }
  }
}
